PODS:
  - auto_updater_macos (0.0.1):
    - FlutterMacOS
    - Sparkle
  - FlutterMacOS (1.0.0)
  - os_media_controls (0.2.4):
    - FlutterMacOS
  - Sparkle (2.9.0)
  - universal_gamepad (1.5.8):
    - FlutterMacOS

DEPENDENCIES:
  - auto_updater_macos (from `Flutter/ephemeral/.symlinks/plugins/auto_updater_macos/macos`)
  - FlutterMacOS (from `Flutter/ephemeral`)
  - os_media_controls (from `Flutter/ephemeral/.symlinks/plugins/os_media_controls/macos`)
  - universal_gamepad (from `Flutter/ephemeral/.symlinks/plugins/universal_gamepad/macos`)

SPEC REPOS:
  trunk:
    - Sparkle

EXTERNAL SOURCES:
  auto_updater_macos:
    :path: Flutter/ephemeral/.symlinks/plugins/auto_updater_macos/macos
  FlutterMacOS:
    :path: Flutter/ephemeral
  os_media_controls:
    :path: Flutter/ephemeral/.symlinks/plugins/os_media_controls/macos
  universal_gamepad:
    :path: Flutter/ephemeral/.symlinks/plugins/universal_gamepad/macos

SPEC CHECKSUMS:
  auto_updater_macos: 3a42f1a06be6981f1a18be37e6e7bf86aa732118
  FlutterMacOS: c232990155153907050900a2e175c7773903ba4e
  os_media_controls: 20a765c7ebaae4fb3133cc47782eb99d7b50d851
  Sparkle: f4355f9ebbe9b7d932df4980d70f13922ac97b2a
  universal_gamepad: 5d5c2ad9be4eaafcdc0bdc536b51725fe058667f

PODFILE CHECKSUM: d16f5e5d196d1ca9863d7a71d5885cad7ffa7d2d

COCOAPODS: 1.17.0
