PODS:
  - Flutter (1.0.0)
  - os_media_controls (0.2.4):
    - Flutter
  - universal_gamepad (1.5.8):
    - Flutter

DEPENDENCIES:
  - Flutter (from `Flutter`)
  - os_media_controls (from `.symlinks/plugins/os_media_controls/ios`)
  - universal_gamepad (from `.symlinks/plugins/universal_gamepad/ios`)

EXTERNAL SOURCES:
  Flutter:
    :path: Flutter
  os_media_controls:
    :path: ".symlinks/plugins/os_media_controls/ios"
  universal_gamepad:
    :path: ".symlinks/plugins/universal_gamepad/ios"

SPEC CHECKSUMS:
  Flutter: 71a624a5bc0c04062bf19101d501e466baf2fb47
  os_media_controls: 048eb9a75974191b2496d85575b6edcefc572d4e
  universal_gamepad: 7c0cc0c2e3909dfb803d325387e42963b3ed842c

PODFILE CHECKSUM: 0adb115f74a3cde46cf0e15649428c9b4e6975a0

COCOAPODS: 1.17.0
